PODS:
  - CompositionKit (0.3.0):
    - CompositionKit/Core (= 0.3.0)
    - MondrianLayout (>= 0.8.0)
  - CompositionKit/Core (0.3.0):
    - Descriptors (>= 0.2.0)
    - MondrianLayout (>= 0.8.0)
  - Descriptors (0.2.0):
    - Descriptors/Core (= 0.2.0)
  - Descriptors/Core (0.2.0)
  - MondrianLayout (0.9.0)
  - Texture/Core (3.1.0)
  - TextureSwiftSupport (3.16.0):
    - Texture/Core (>= 3)
    - TextureSwiftSupport/Components (= 3.16.0)
    - TextureSwiftSupport/Experiments (= 3.16.0)
    - TextureSwiftSupport/Extensions (= 3.16.0)
    - TextureSwiftSupport/LayoutSpecBuilders (= 3.16.0)
  - TextureSwiftSupport/Components (3.16.0):
    - Descriptors (>= 0.2.0)
    - Texture/Core (>= 3)
    - TextureSwiftSupport/LayoutSpecBuilders
  - TextureSwiftSupport/Experiments (3.16.0):
    - Texture/Core (>= 3)
  - TextureSwiftSupport/Extensions (3.16.0):
    - Texture/Core (>= 3)
  - TextureSwiftSupport/LayoutSpecBuilders (3.16.0):
    - Texture/Core (>= 3)

DEPENDENCIES:
  - CompositionKit (from `../Submodules/CompositionKit`)
  - Descriptors (from `../`)
  - TextureSwiftSupport (from `../Submodules/TextureSwiftSupport`)

SPEC REPOS:
  trunk:
    - MondrianLayout
    - Texture

EXTERNAL SOURCES:
  CompositionKit:
    :path: "../Submodules/CompositionKit"
  Descriptors:
    :path: "../"
  TextureSwiftSupport:
    :path: "../Submodules/TextureSwiftSupport"

SPEC CHECKSUMS:
  CompositionKit: ae59f9821365a4482e11310e35115e05951b1136
  Descriptors: bdd07b13051ee4e2588a0846f67ee03a189fcb52
  MondrianLayout: 9f16c5ddf0fd50f32a787987ca538677f1de5908
  Texture: 2e8ab2519452515f7f5a520f5a8f7e0a413abfa3
  TextureSwiftSupport: c6efbf657dcbc73ca9f5cef9522254a1e3316a7a

PODFILE CHECKSUM: 9387bfd6a76aa9ead24f816ebc9dfe5c16f9ead3

COCOAPODS: 1.11.2
