PODS:
  - CompositionKit (0.1.0):
    - CompositionKit/Core (= 0.1.0)
    - MondrianLayout (>= 0.8.0)
  - CompositionKit/Core (0.1.0):
    - Descriptors (>= 0.1.0)
    - MondrianLayout (>= 0.8.0)
  - Descriptors (0.1.0):
    - Descriptors/Core (= 0.1.0)
  - Descriptors/Core (0.1.0)
  - MondrianLayout (0.9.0)
  - Texture/Core (3.1.0)
  - TextureSwiftSupport (3.13.0):
    - Texture/Core (>= 3)
    - TextureSwiftSupport/Components (= 3.13.0)
    - TextureSwiftSupport/Experiments (= 3.13.0)
    - TextureSwiftSupport/Extensions (= 3.13.0)
    - TextureSwiftSupport/LayoutSpecBuilders (= 3.13.0)
  - TextureSwiftSupport/Components (3.13.0):
    - Descriptors (>= 0.1.0)
    - Texture/Core (>= 3)
    - TextureSwiftSupport/LayoutSpecBuilders
  - TextureSwiftSupport/Experiments (3.13.0):
    - Texture/Core (>= 3)
  - TextureSwiftSupport/Extensions (3.13.0):
    - Texture/Core (>= 3)
  - TextureSwiftSupport/LayoutSpecBuilders (3.13.0):
    - Texture/Core (>= 3)

DEPENDENCIES:
  - CompositionKit (from `../Submodules/CompositionKit`)
  - Descriptors (from `../`)
  - TextureSwiftSupport (from `../Submodules/TextureSwiftSupport`)

SPEC REPOS:
  trunk:
    - MondrianLayout
    - Texture

EXTERNAL SOURCES:
  CompositionKit:
    :path: "../Submodules/CompositionKit"
  Descriptors:
    :path: "../"
  TextureSwiftSupport:
    :path: "../Submodules/TextureSwiftSupport"

SPEC CHECKSUMS:
  CompositionKit: 20355eed70a9351c9816c2e62126386814452b01
  Descriptors: 65cac3325f4a35e38ac3a0a341a12da99709a54a
  MondrianLayout: 9f16c5ddf0fd50f32a787987ca538677f1de5908
  Texture: 2e8ab2519452515f7f5a520f5a8f7e0a413abfa3
  TextureSwiftSupport: d7b30614e8825650f87caa8d5b410c2bafcdaadf

PODFILE CHECKSUM: 9387bfd6a76aa9ead24f816ebc9dfe5c16f9ead3

COCOAPODS: 1.11.2
